
Microsoft Visual Studio Solution File, Format Version 12.00
# Visual Studio Version 17
VisualStudioVersion = 17.9.34728.123
MinimumVisualStudioVersion = 10.0.40219.1
Project("{FAE04EC0-301F-11D3-BF4B-00C04F79EFBC}") = "ENPDotNetCoreBatch5.ConsoleApp", "ENPDotNetCoreBatch5.ConsoleApp\ENPDotNetCoreBatch5.ConsoleApp.csproj", "{A7514EB8-FFD9-4FD2-A4ED-5F0E0D17CE34}"
EndProject
Global
	GlobalSection(SolutionConfigurationPlatforms) = preSolution
		Debug|Any CPU = Debug|Any CPU
		Release|Any CPU = Release|Any CPU
	EndGlobalSection
	GlobalSection(ProjectConfigurationPlatforms) = postSolution
		{A7514EB8-FFD9-4FD2-A4ED-5F0E0D17CE34}.Debug|Any CPU.ActiveCfg = Debug|Any CPU
		{A7514EB8-FFD9-4FD2-A4ED-5F0E0D17CE34}.Debug|Any CPU.Build.0 = Debug|Any CPU
		{A7514EB8-FFD9-4FD2-A4ED-5F0E0D17CE34}.Release|Any CPU.ActiveCfg = Release|Any CPU
		{A7514EB8-FFD9-4FD2-A4ED-5F0E0D17CE34}.Release|Any CPU.Build.0 = Release|Any CPU
	EndGlobalSection
	GlobalSection(SolutionProperties) = preSolution
		HideSolutionNode = FALSE
	EndGlobalSection
	GlobalSection(ExtensibilityGlobals) = postSolution
		SolutionGuid = {2068C3B0-B143-4D58-9DE2-1BDC97342051}
	EndGlobalSection
EndGlobal
